
Microsoft Visual Studio Solution File, Format Version 12.00
# Visual Studio 2012
Project("{FAE04EC0-301F-11D3-BF4B-00C04F79EFBC}") = "Smacznego", "Smacznego\Smacznego.csproj", "{C0FAB5F8-9937-404C-93A3-606DE626C642}"
EndProject
Global
	GlobalSection(SolutionConfigurationPlatforms) = preSolution
		Debug|Any CPU = Debug|Any CPU
		Release|Any CPU = Release|Any CPU
	EndGlobalSection
	GlobalSection(ProjectConfigurationPlatforms) = postSolution
		{C0FAB5F8-9937-404C-93A3-606DE626C642}.Debug|Any CPU.ActiveCfg = Debug|Any CPU
		{C0FAB5F8-9937-404C-93A3-606DE626C642}.Debug|Any CPU.Build.0 = Debug|Any CPU
		{C0FAB5F8-9937-404C-93A3-606DE626C642}.Release|Any CPU.ActiveCfg = Release|Any CPU
		{C0FAB5F8-9937-404C-93A3-606DE626C642}.Release|Any CPU.Build.0 = Release|Any CPU
	EndGlobalSection
EndGlobal
